
Microsoft Visual Studio Solution File, Format Version 12.00
# Visual Studio 15
VisualStudioVersion = 15.0.26403.7
MinimumVisualStudioVersion = 10.0.40219.1
Project("{FAE04EC0-301F-11D3-BF4B-00C04F79EFBC}") = "Xamarin.App.Calendar.Android", "Xamarin.App.Calendar\Xamarin.App.Calendar.Android\Xamarin.App.Calendar.Android.csproj", "{77A61F57-5281-4C72-A135-358859194240}"
EndProject
Project("{FAE04EC0-301F-11D3-BF4B-00C04F79EFBC}") = "Xamarin.App.Calendar", "Xamarin.App.Calendar\Xamarin.App.Calendar\Xamarin.App.Calendar.csproj", "{10F8B7D0-7E9B-4052-9E90-BD91614FD066}"
EndProject
Project("{FAE04EC0-301F-11D3-BF4B-00C04F79EFBC}") = "Xamarin.App.Calendar.UWP", "Xamarin.App.Calendar\Xamarin.App.Calendar.UWP\Xamarin.App.Calendar.UWP.csproj", "{9886B192-48A5-4C92-B65F-79269EB2F67D}"
EndProject
Project("{FAE04EC0-301F-11D3-BF4B-00C04F79EFBC}") = "Xamarin.App.Calendar.iOS", "Xamarin.App.Calendar\Xamarin.App.Calendar.iOS\Xamarin.App.Calendar.iOS.csproj", "{1A16AE38-EEB4-4735-9C8A-9FF9CC11B9BB}"
EndProject
Global
	GlobalSection(SolutionConfigurationPlatforms) = preSolution
		Ad-Hoc|Any CPU = Ad-Hoc|Any CPU
		Ad-Hoc|ARM = Ad-Hoc|ARM
		Ad-Hoc|iPhone = Ad-Hoc|iPhone
		Ad-Hoc|iPhoneSimulator = Ad-Hoc|iPhoneSimulator
		Ad-Hoc|x64 = Ad-Hoc|x64
		Ad-Hoc|x86 = Ad-Hoc|x86
		AppStore|Any CPU = AppStore|Any CPU
		AppStore|ARM = AppStore|ARM
		AppStore|iPhone = AppStore|iPhone
		AppStore|iPhoneSimulator = AppStore|iPhoneSimulator
		AppStore|x64 = AppStore|x64
		AppStore|x86 = AppStore|x86
		Debug|Any CPU = Debug|Any CPU
		Debug|ARM = Debug|ARM
		Debug|iPhone = Debug|iPhone
		Debug|iPhoneSimulator = Debug|iPhoneSimulator
		Debug|x64 = Debug|x64
		Debug|x86 = Debug|x86
		Release|Any CPU = Release|Any CPU
		Release|ARM = Release|ARM
		Release|iPhone = Release|iPhone
		Release|iPhoneSimulator = Release|iPhoneSimulator
		Release|x64 = Release|x64
		Release|x86 = Release|x86
	EndGlobalSection
	GlobalSection(ProjectConfigurationPlatforms) = postSolution
		{77A61F57-5281-4C72-A135-358859194240}.Ad-Hoc|Any CPU.ActiveCfg = Release|Any CPU
		{77A61F57-5281-4C72-A135-358859194240}.Ad-Hoc|Any CPU.Build.0 = Release|Any CPU
		{77A61F57-5281-4C72-A135-358859194240}.Ad-Hoc|Any CPU.Deploy.0 = Release|Any CPU
		{77A61F57-5281-4C72-A135-358859194240}.Ad-Hoc|ARM.ActiveCfg = Release|Any CPU
		{77A61F57-5281-4C72-A135-358859194240}.Ad-Hoc|ARM.Build.0 = Release|Any CPU
		{77A61F57-5281-4C72-A135-358859194240}.Ad-Hoc|ARM.Deploy.0 = Release|Any CPU
		{77A61F57-5281-4C72-A135-358859194240}.Ad-Hoc|iPhone.ActiveCfg = Release|Any CPU
		{77A61F57-5281-4C72-A135-358859194240}.Ad-Hoc|iPhone.Build.0 = Release|Any CPU
		{77A61F57-5281-4C72-A135-358859194240}.Ad-Hoc|iPhone.Deploy.0 = Release|Any CPU
		{77A61F57-5281-4C72-A135-358859194240}.Ad-Hoc|iPhoneSimulator.ActiveCfg = Release|Any CPU
		{77A61F57-5281-4C72-A135-358859194240}.Ad-Hoc|iPhoneSimulator.Build.0 = Release|Any CPU
		{77A61F57-5281-4C72-A135-358859194240}.Ad-Hoc|iPhoneSimulator.Deploy.0 = Release|Any CPU
		{77A61F57-5281-4C72-A135-358859194240}.Ad-Hoc|x64.ActiveCfg = Release|Any CPU
		{77A61F57-5281-4C72-A135-358859194240}.Ad-Hoc|x64.Build.0 = Release|Any CPU
		{77A61F57-5281-4C72-A135-358859194240}.Ad-Hoc|x64.Deploy.0 = Release|Any CPU
		{77A61F57-5281-4C72-A135-358859194240}.Ad-Hoc|x86.ActiveCfg = Release|Any CPU
		{77A61F57-5281-4C72-A135-358859194240}.Ad-Hoc|x86.Build.0 = Release|Any CPU
		{77A61F57-5281-4C72-A135-358859194240}.Ad-Hoc|x86.Deploy.0 = Release|Any CPU
		{77A61F57-5281-4C72-A135-358859194240}.AppStore|Any CPU.ActiveCfg = Release|Any CPU
		{77A61F57-5281-4C72-A135-358859194240}.AppStore|Any CPU.Build.0 = Release|Any CPU
		{77A61F57-5281-4C72-A135-358859194240}.AppStore|Any CPU.Deploy.0 = Release|Any CPU
		{77A61F57-5281-4C72-A135-358859194240}.AppStore|ARM.ActiveCfg = Release|Any CPU
		{77A61F57-5281-4C72-A135-358859194240}.AppStore|ARM.Build.0 = Release|Any CPU
		{77A61F57-5281-4C72-A135-358859194240}.AppStore|ARM.Deploy.0 = Release|Any CPU
		{77A61F57-5281-4C72-A135-358859194240}.AppStore|iPhone.ActiveCfg = Release|Any CPU
		{77A61F57-5281-4C72-A135-358859194240}.AppStore|iPhone.Build.0 = Release|Any CPU
		{77A61F57-5281-4C72-A135-358859194240}.AppStore|iPhone.Deploy.0 = Release|Any CPU
		{77A61F57-5281-4C72-A135-358859194240}.AppStore|iPhoneSimulator.ActiveCfg = Release|Any CPU
		{77A61F57-5281-4C72-A135-358859194240}.AppStore|iPhoneSimulator.Build.0 = Release|Any CPU
		{77A61F57-5281-4C72-A135-358859194240}.AppStore|iPhoneSimulator.Deploy.0 = Release|Any CPU
		{77A61F57-5281-4C72-A135-358859194240}.AppStore|x64.ActiveCfg = Release|Any CPU
		{77A61F57-5281-4C72-A135-358859194240}.AppStore|x64.Build.0 = Release|Any CPU
		{77A61F57-5281-4C72-A135-358859194240}.AppStore|x64.Deploy.0 = Release|Any CPU
		{77A61F57-5281-4C72-A135-358859194240}.AppStore|x86.ActiveCfg = Release|Any CPU
		{77A61F57-5281-4C72-A135-358859194240}.AppStore|x86.Build.0 = Release|Any CPU
		{77A61F57-5281-4C72-A135-358859194240}.AppStore|x86.Deploy.0 = Release|Any CPU
		{77A61F57-5281-4C72-A135-358859194240}.Debug|Any CPU.ActiveCfg = Debug|Any CPU
		{77A61F57-5281-4C72-A135-358859194240}.Debug|Any CPU.Build.0 = Debug|Any CPU
		{77A61F57-5281-4C72-A135-358859194240}.Debug|Any CPU.Deploy.0 = Debug|Any CPU
		{77A61F57-5281-4C72-A135-358859194240}.Debug|ARM.ActiveCfg = Debug|Any CPU
		{77A61F57-5281-4C72-A135-358859194240}.Debug|ARM.Build.0 = Debug|Any CPU
		{77A61F57-5281-4C72-A135-358859194240}.Debug|ARM.Deploy.0 = Debug|Any CPU
		{77A61F57-5281-4C72-A135-358859194240}.Debug|iPhone.ActiveCfg = Debug|Any CPU
		{77A61F57-5281-4C72-A135-358859194240}.Debug|iPhone.Build.0 = Debug|Any CPU
		{77A61F57-5281-4C72-A135-358859194240}.Debug|iPhone.Deploy.0 = Debug|Any CPU
		{77A61F57-5281-4C72-A135-358859194240}.Debug|iPhoneSimulator.ActiveCfg = Debug|Any CPU
		{77A61F57-5281-4C72-A135-358859194240}.Debug|iPhoneSimulator.Build.0 = Debug|Any CPU
		{77A61F57-5281-4C72-A135-358859194240}.Debug|iPhoneSimulator.Deploy.0 = Debug|Any CPU
		{77A61F57-5281-4C72-A135-358859194240}.Debug|x64.ActiveCfg = Debug|Any CPU
		{77A61F57-5281-4C72-A135-358859194240}.Debug|x64.Build.0 = Debug|Any CPU
		{77A61F57-5281-4C72-A135-358859194240}.Debug|x64.Deploy.0 = Debug|Any CPU
		{77A61F57-5281-4C72-A135-358859194240}.Debug|x86.ActiveCfg = Debug|Any CPU
		{77A61F57-5281-4C72-A135-358859194240}.Debug|x86.Build.0 = Debug|Any CPU
		{77A61F57-5281-4C72-A135-358859194240}.Debug|x86.Deploy.0 = Debug|Any CPU
		{77A61F57-5281-4C72-A135-358859194240}.Release|Any CPU.ActiveCfg = Release|Any CPU
		{77A61F57-5281-4C72-A135-358859194240}.Release|Any CPU.Build.0 = Release|Any CPU
		{77A61F57-5281-4C72-A135-358859194240}.Release|Any CPU.Deploy.0 = Release|Any CPU
		{77A61F57-5281-4C72-A135-358859194240}.Release|ARM.ActiveCfg = Release|Any CPU
		{77A61F57-5281-4C72-A135-358859194240}.Release|ARM.Build.0 = Release|Any CPU
		{77A61F57-5281-4C72-A135-358859194240}.Release|ARM.Deploy.0 = Release|Any CPU
		{77A61F57-5281-4C72-A135-358859194240}.Release|iPhone.ActiveCfg = Release|Any CPU
		{77A61F57-5281-4C72-A135-358859194240}.Release|iPhone.Build.0 = Release|Any CPU
		{77A61F57-5281-4C72-A135-358859194240}.Release|iPhone.Deploy.0 = Release|Any CPU
		{77A61F57-5281-4C72-A135-358859194240}.Release|iPhoneSimulator.ActiveCfg = Release|Any CPU
		{77A61F57-5281-4C72-A135-358859194240}.Release|iPhoneSimulator.Build.0 = Release|Any CPU
		{77A61F57-5281-4C72-A135-358859194240}.Release|iPhoneSimulator.Deploy.0 = Release|Any CPU
		{77A61F57-5281-4C72-A135-358859194240}.Release|x64.ActiveCfg = Release|Any CPU
		{77A61F57-5281-4C72-A135-358859194240}.Release|x64.Build.0 = Release|Any CPU
		{77A61F57-5281-4C72-A135-358859194240}.Release|x64.Deploy.0 = Release|Any CPU
		{77A61F57-5281-4C72-A135-358859194240}.Release|x86.ActiveCfg = Release|Any CPU
		{77A61F57-5281-4C72-A135-358859194240}.Release|x86.Build.0 = Release|Any CPU
		{77A61F57-5281-4C72-A135-358859194240}.Release|x86.Deploy.0 = Release|Any CPU
		{10F8B7D0-7E9B-4052-9E90-BD91614FD066}.Ad-Hoc|Any CPU.ActiveCfg = Release|Any CPU
		{10F8B7D0-7E9B-4052-9E90-BD91614FD066}.Ad-Hoc|Any CPU.Build.0 = Release|Any CPU
		{10F8B7D0-7E9B-4052-9E90-BD91614FD066}.Ad-Hoc|ARM.ActiveCfg = Release|Any CPU
		{10F8B7D0-7E9B-4052-9E90-BD91614FD066}.Ad-Hoc|ARM.Build.0 = Release|Any CPU
		{10F8B7D0-7E9B-4052-9E90-BD91614FD066}.Ad-Hoc|iPhone.ActiveCfg = Release|Any CPU
		{10F8B7D0-7E9B-4052-9E90-BD91614FD066}.Ad-Hoc|iPhone.Build.0 = Release|Any CPU
		{10F8B7D0-7E9B-4052-9E90-BD91614FD066}.Ad-Hoc|iPhoneSimulator.ActiveCfg = Release|Any CPU
		{10F8B7D0-7E9B-4052-9E90-BD91614FD066}.Ad-Hoc|iPhoneSimulator.Build.0 = Release|Any CPU
		{10F8B7D0-7E9B-4052-9E90-BD91614FD066}.Ad-Hoc|x64.ActiveCfg = Release|Any CPU
		{10F8B7D0-7E9B-4052-9E90-BD91614FD066}.Ad-Hoc|x64.Build.0 = Release|Any CPU
		{10F8B7D0-7E9B-4052-9E90-BD91614FD066}.Ad-Hoc|x86.ActiveCfg = Release|Any CPU
		{10F8B7D0-7E9B-4052-9E90-BD91614FD066}.Ad-Hoc|x86.Build.0 = Release|Any CPU
		{10F8B7D0-7E9B-4052-9E90-BD91614FD066}.AppStore|Any CPU.ActiveCfg = Release|Any CPU
		{10F8B7D0-7E9B-4052-9E90-BD91614FD066}.AppStore|Any CPU.Build.0 = Release|Any CPU
		{10F8B7D0-7E9B-4052-9E90-BD91614FD066}.AppStore|ARM.ActiveCfg = Release|Any CPU
		{10F8B7D0-7E9B-4052-9E90-BD91614FD066}.AppStore|ARM.Build.0 = Release|Any CPU
		{10F8B7D0-7E9B-4052-9E90-BD91614FD066}.AppStore|iPhone.ActiveCfg = Release|Any CPU
		{10F8B7D0-7E9B-4052-9E90-BD91614FD066}.AppStore|iPhone.Build.0 = Release|Any CPU
		{10F8B7D0-7E9B-4052-9E90-BD91614FD066}.AppStore|iPhoneSimulator.ActiveCfg = Release|Any CPU
		{10F8B7D0-7E9B-4052-9E90-BD91614FD066}.AppStore|iPhoneSimulator.Build.0 = Release|Any CPU
		{10F8B7D0-7E9B-4052-9E90-BD91614FD066}.AppStore|x64.ActiveCfg = Release|Any CPU
		{10F8B7D0-7E9B-4052-9E90-BD91614FD066}.AppStore|x64.Build.0 = Release|Any CPU
		{10F8B7D0-7E9B-4052-9E90-BD91614FD066}.AppStore|x86.ActiveCfg = Release|Any CPU
		{10F8B7D0-7E9B-4052-9E90-BD91614FD066}.AppStore|x86.Build.0 = Release|Any CPU
		{10F8B7D0-7E9B-4052-9E90-BD91614FD066}.Debug|Any CPU.ActiveCfg = Debug|Any CPU
		{10F8B7D0-7E9B-4052-9E90-BD91614FD066}.Debug|Any CPU.Build.0 = Debug|Any CPU
		{10F8B7D0-7E9B-4052-9E90-BD91614FD066}.Debug|ARM.ActiveCfg = Debug|Any CPU
		{10F8B7D0-7E9B-4052-9E90-BD91614FD066}.Debug|ARM.Build.0 = Debug|Any CPU
		{10F8B7D0-7E9B-4052-9E90-BD91614FD066}.Debug|iPhone.ActiveCfg = Debug|Any CPU
		{10F8B7D0-7E9B-4052-9E90-BD91614FD066}.Debug|iPhone.Build.0 = Debug|Any CPU
		{10F8B7D0-7E9B-4052-9E90-BD91614FD066}.Debug|iPhoneSimulator.ActiveCfg = Debug|Any CPU
		{10F8B7D0-7E9B-4052-9E90-BD91614FD066}.Debug|iPhoneSimulator.Build.0 = Debug|Any CPU
		{10F8B7D0-7E9B-4052-9E90-BD91614FD066}.Debug|x64.ActiveCfg = Debug|Any CPU
		{10F8B7D0-7E9B-4052-9E90-BD91614FD066}.Debug|x64.Build.0 = Debug|Any CPU
		{10F8B7D0-7E9B-4052-9E90-BD91614FD066}.Debug|x86.ActiveCfg = Debug|Any CPU
		{10F8B7D0-7E9B-4052-9E90-BD91614FD066}.Debug|x86.Build.0 = Debug|Any CPU
		{10F8B7D0-7E9B-4052-9E90-BD91614FD066}.Release|Any CPU.ActiveCfg = Release|Any CPU
		{10F8B7D0-7E9B-4052-9E90-BD91614FD066}.Release|Any CPU.Build.0 = Release|Any CPU
		{10F8B7D0-7E9B-4052-9E90-BD91614FD066}.Release|ARM.ActiveCfg = Release|Any CPU
		{10F8B7D0-7E9B-4052-9E90-BD91614FD066}.Release|ARM.Build.0 = Release|Any CPU
		{10F8B7D0-7E9B-4052-9E90-BD91614FD066}.Release|iPhone.ActiveCfg = Release|Any CPU
		{10F8B7D0-7E9B-4052-9E90-BD91614FD066}.Release|iPhone.Build.0 = Release|Any CPU
		{10F8B7D0-7E9B-4052-9E90-BD91614FD066}.Release|iPhoneSimulator.ActiveCfg = Release|Any CPU
		{10F8B7D0-7E9B-4052-9E90-BD91614FD066}.Release|iPhoneSimulator.Build.0 = Release|Any CPU
		{10F8B7D0-7E9B-4052-9E90-BD91614FD066}.Release|x64.ActiveCfg = Release|Any CPU
		{10F8B7D0-7E9B-4052-9E90-BD91614FD066}.Release|x64.Build.0 = Release|Any CPU
		{10F8B7D0-7E9B-4052-9E90-BD91614FD066}.Release|x86.ActiveCfg = Release|Any CPU
		{10F8B7D0-7E9B-4052-9E90-BD91614FD066}.Release|x86.Build.0 = Release|Any CPU
		{9886B192-48A5-4C92-B65F-79269EB2F67D}.Ad-Hoc|Any CPU.ActiveCfg = Release|x86
		{9886B192-48A5-4C92-B65F-79269EB2F67D}.Ad-Hoc|Any CPU.Build.0 = Release|x86
		{9886B192-48A5-4C92-B65F-79269EB2F67D}.Ad-Hoc|Any CPU.Deploy.0 = Release|x86
		{9886B192-48A5-4C92-B65F-79269EB2F67D}.Ad-Hoc|ARM.ActiveCfg = Release|ARM
		{9886B192-48A5-4C92-B65F-79269EB2F67D}.Ad-Hoc|ARM.Build.0 = Release|ARM
		{9886B192-48A5-4C92-B65F-79269EB2F67D}.Ad-Hoc|ARM.Deploy.0 = Release|ARM
		{9886B192-48A5-4C92-B65F-79269EB2F67D}.Ad-Hoc|iPhone.ActiveCfg = Release|x86
		{9886B192-48A5-4C92-B65F-79269EB2F67D}.Ad-Hoc|iPhone.Build.0 = Release|x86
		{9886B192-48A5-4C92-B65F-79269EB2F67D}.Ad-Hoc|iPhone.Deploy.0 = Release|x86
		{9886B192-48A5-4C92-B65F-79269EB2F67D}.Ad-Hoc|iPhoneSimulator.ActiveCfg = Release|x86
		{9886B192-48A5-4C92-B65F-79269EB2F67D}.Ad-Hoc|iPhoneSimulator.Build.0 = Release|x86
		{9886B192-48A5-4C92-B65F-79269EB2F67D}.Ad-Hoc|iPhoneSimulator.Deploy.0 = Release|x86
		{9886B192-48A5-4C92-B65F-79269EB2F67D}.Ad-Hoc|x64.ActiveCfg = Release|x64
		{9886B192-48A5-4C92-B65F-79269EB2F67D}.Ad-Hoc|x64.Build.0 = Release|x64
		{9886B192-48A5-4C92-B65F-79269EB2F67D}.Ad-Hoc|x64.Deploy.0 = Release|x64
		{9886B192-48A5-4C92-B65F-79269EB2F67D}.Ad-Hoc|x86.ActiveCfg = Release|x86
		{9886B192-48A5-4C92-B65F-79269EB2F67D}.Ad-Hoc|x86.Build.0 = Release|x86
		{9886B192-48A5-4C92-B65F-79269EB2F67D}.Ad-Hoc|x86.Deploy.0 = Release|x86
		{9886B192-48A5-4C92-B65F-79269EB2F67D}.AppStore|Any CPU.ActiveCfg = Release|x86
		{9886B192-48A5-4C92-B65F-79269EB2F67D}.AppStore|Any CPU.Build.0 = Release|x86
		{9886B192-48A5-4C92-B65F-79269EB2F67D}.AppStore|Any CPU.Deploy.0 = Release|x86
		{9886B192-48A5-4C92-B65F-79269EB2F67D}.AppStore|ARM.ActiveCfg = Release|ARM
		{9886B192-48A5-4C92-B65F-79269EB2F67D}.AppStore|ARM.Build.0 = Release|ARM
		{9886B192-48A5-4C92-B65F-79269EB2F67D}.AppStore|ARM.Deploy.0 = Release|ARM
		{9886B192-48A5-4C92-B65F-79269EB2F67D}.AppStore|iPhone.ActiveCfg = Release|x86
		{9886B192-48A5-4C92-B65F-79269EB2F67D}.AppStore|iPhone.Build.0 = Release|x86
		{9886B192-48A5-4C92-B65F-79269EB2F67D}.AppStore|iPhone.Deploy.0 = Release|x86
		{9886B192-48A5-4C92-B65F-79269EB2F67D}.AppStore|iPhoneSimulator.ActiveCfg = Release|x86
		{9886B192-48A5-4C92-B65F-79269EB2F67D}.AppStore|iPhoneSimulator.Build.0 = Release|x86
		{9886B192-48A5-4C92-B65F-79269EB2F67D}.AppStore|iPhoneSimulator.Deploy.0 = Release|x86
		{9886B192-48A5-4C92-B65F-79269EB2F67D}.AppStore|x64.ActiveCfg = Release|x64
		{9886B192-48A5-4C92-B65F-79269EB2F67D}.AppStore|x64.Build.0 = Release|x64
		{9886B192-48A5-4C92-B65F-79269EB2F67D}.AppStore|x64.Deploy.0 = Release|x64
		{9886B192-48A5-4C92-B65F-79269EB2F67D}.AppStore|x86.ActiveCfg = Release|x86
		{9886B192-48A5-4C92-B65F-79269EB2F67D}.AppStore|x86.Build.0 = Release|x86
		{9886B192-48A5-4C92-B65F-79269EB2F67D}.AppStore|x86.Deploy.0 = Release|x86
		{9886B192-48A5-4C92-B65F-79269EB2F67D}.Debug|Any CPU.ActiveCfg = Debug|x86
		{9886B192-48A5-4C92-B65F-79269EB2F67D}.Debug|ARM.ActiveCfg = Debug|ARM
		{9886B192-48A5-4C92-B65F-79269EB2F67D}.Debug|ARM.Build.0 = Debug|ARM
		{9886B192-48A5-4C92-B65F-79269EB2F67D}.Debug|ARM.Deploy.0 = Debug|ARM
		{9886B192-48A5-4C92-B65F-79269EB2F67D}.Debug|iPhone.ActiveCfg = Debug|x86
		{9886B192-48A5-4C92-B65F-79269EB2F67D}.Debug|iPhoneSimulator.ActiveCfg = Debug|x86
		{9886B192-48A5-4C92-B65F-79269EB2F67D}.Debug|x64.ActiveCfg = Debug|x64
		{9886B192-48A5-4C92-B65F-79269EB2F67D}.Debug|x64.Build.0 = Debug|x64
		{9886B192-48A5-4C92-B65F-79269EB2F67D}.Debug|x64.Deploy.0 = Debug|x64
		{9886B192-48A5-4C92-B65F-79269EB2F67D}.Debug|x86.ActiveCfg = Debug|x86
		{9886B192-48A5-4C92-B65F-79269EB2F67D}.Debug|x86.Build.0 = Debug|x86
		{9886B192-48A5-4C92-B65F-79269EB2F67D}.Debug|x86.Deploy.0 = Debug|x86
		{9886B192-48A5-4C92-B65F-79269EB2F67D}.Release|Any CPU.ActiveCfg = Release|x86
		{9886B192-48A5-4C92-B65F-79269EB2F67D}.Release|ARM.ActiveCfg = Release|ARM
		{9886B192-48A5-4C92-B65F-79269EB2F67D}.Release|ARM.Build.0 = Release|ARM
		{9886B192-48A5-4C92-B65F-79269EB2F67D}.Release|ARM.Deploy.0 = Release|ARM
		{9886B192-48A5-4C92-B65F-79269EB2F67D}.Release|iPhone.ActiveCfg = Release|x86
		{9886B192-48A5-4C92-B65F-79269EB2F67D}.Release|iPhoneSimulator.ActiveCfg = Release|x86
		{9886B192-48A5-4C92-B65F-79269EB2F67D}.Release|x64.ActiveCfg = Release|x64
		{9886B192-48A5-4C92-B65F-79269EB2F67D}.Release|x64.Build.0 = Release|x64
		{9886B192-48A5-4C92-B65F-79269EB2F67D}.Release|x64.Deploy.0 = Release|x64
		{9886B192-48A5-4C92-B65F-79269EB2F67D}.Release|x86.ActiveCfg = Release|x86
		{9886B192-48A5-4C92-B65F-79269EB2F67D}.Release|x86.Build.0 = Release|x86
		{9886B192-48A5-4C92-B65F-79269EB2F67D}.Release|x86.Deploy.0 = Release|x86
		{1A16AE38-EEB4-4735-9C8A-9FF9CC11B9BB}.Ad-Hoc|Any CPU.ActiveCfg = Ad-Hoc|iPhone
		{1A16AE38-EEB4-4735-9C8A-9FF9CC11B9BB}.Ad-Hoc|ARM.ActiveCfg = Ad-Hoc|iPhone
		{1A16AE38-EEB4-4735-9C8A-9FF9CC11B9BB}.Ad-Hoc|iPhone.ActiveCfg = Ad-Hoc|iPhone
		{1A16AE38-EEB4-4735-9C8A-9FF9CC11B9BB}.Ad-Hoc|iPhone.Build.0 = Ad-Hoc|iPhone
		{1A16AE38-EEB4-4735-9C8A-9FF9CC11B9BB}.Ad-Hoc|iPhoneSimulator.ActiveCfg = Ad-Hoc|iPhoneSimulator
		{1A16AE38-EEB4-4735-9C8A-9FF9CC11B9BB}.Ad-Hoc|iPhoneSimulator.Build.0 = Ad-Hoc|iPhoneSimulator
		{1A16AE38-EEB4-4735-9C8A-9FF9CC11B9BB}.Ad-Hoc|x64.ActiveCfg = Ad-Hoc|iPhone
		{1A16AE38-EEB4-4735-9C8A-9FF9CC11B9BB}.Ad-Hoc|x86.ActiveCfg = Ad-Hoc|iPhone
		{1A16AE38-EEB4-4735-9C8A-9FF9CC11B9BB}.AppStore|Any CPU.ActiveCfg = AppStore|iPhone
		{1A16AE38-EEB4-4735-9C8A-9FF9CC11B9BB}.AppStore|ARM.ActiveCfg = AppStore|iPhone
		{1A16AE38-EEB4-4735-9C8A-9FF9CC11B9BB}.AppStore|iPhone.ActiveCfg = AppStore|iPhone
		{1A16AE38-EEB4-4735-9C8A-9FF9CC11B9BB}.AppStore|iPhone.Build.0 = AppStore|iPhone
		{1A16AE38-EEB4-4735-9C8A-9FF9CC11B9BB}.AppStore|iPhoneSimulator.ActiveCfg = AppStore|iPhoneSimulator
		{1A16AE38-EEB4-4735-9C8A-9FF9CC11B9BB}.AppStore|iPhoneSimulator.Build.0 = AppStore|iPhoneSimulator
		{1A16AE38-EEB4-4735-9C8A-9FF9CC11B9BB}.AppStore|x64.ActiveCfg = AppStore|iPhone
		{1A16AE38-EEB4-4735-9C8A-9FF9CC11B9BB}.AppStore|x86.ActiveCfg = AppStore|iPhone
		{1A16AE38-EEB4-4735-9C8A-9FF9CC11B9BB}.Debug|Any CPU.ActiveCfg = Debug|iPhone
		{1A16AE38-EEB4-4735-9C8A-9FF9CC11B9BB}.Debug|ARM.ActiveCfg = Debug|iPhone
		{1A16AE38-EEB4-4735-9C8A-9FF9CC11B9BB}.Debug|iPhone.ActiveCfg = Debug|iPhone
		{1A16AE38-EEB4-4735-9C8A-9FF9CC11B9BB}.Debug|iPhone.Build.0 = Debug|iPhone
		{1A16AE38-EEB4-4735-9C8A-9FF9CC11B9BB}.Debug|iPhoneSimulator.ActiveCfg = Debug|iPhoneSimulator
		{1A16AE38-EEB4-4735-9C8A-9FF9CC11B9BB}.Debug|iPhoneSimulator.Build.0 = Debug|iPhoneSimulator
		{1A16AE38-EEB4-4735-9C8A-9FF9CC11B9BB}.Debug|x64.ActiveCfg = Debug|iPhone
		{1A16AE38-EEB4-4735-9C8A-9FF9CC11B9BB}.Debug|x86.ActiveCfg = Debug|iPhone
		{1A16AE38-EEB4-4735-9C8A-9FF9CC11B9BB}.Release|Any CPU.ActiveCfg = Release|iPhone
		{1A16AE38-EEB4-4735-9C8A-9FF9CC11B9BB}.Release|ARM.ActiveCfg = Release|iPhone
		{1A16AE38-EEB4-4735-9C8A-9FF9CC11B9BB}.Release|iPhone.ActiveCfg = Release|iPhone
		{1A16AE38-EEB4-4735-9C8A-9FF9CC11B9BB}.Release|iPhone.Build.0 = Release|iPhone
		{1A16AE38-EEB4-4735-9C8A-9FF9CC11B9BB}.Release|iPhoneSimulator.ActiveCfg = Release|iPhoneSimulator
		{1A16AE38-EEB4-4735-9C8A-9FF9CC11B9BB}.Release|iPhoneSimulator.Build.0 = Release|iPhoneSimulator
		{1A16AE38-EEB4-4735-9C8A-9FF9CC11B9BB}.Release|x64.ActiveCfg = Release|iPhone
		{1A16AE38-EEB4-4735-9C8A-9FF9CC11B9BB}.Release|x86.ActiveCfg = Release|iPhone
	EndGlobalSection
	GlobalSection(SolutionProperties) = preSolution
		HideSolutionNode = FALSE
	EndGlobalSection
EndGlobal
